
Microsoft Visual Studio Solution File, Format Version 12.00
# Visual Studio Version 16
VisualStudioVersion = 16.0.30517.126
MinimumVisualStudioVersion = 10.0.40219.1
Project("{FAE04EC0-301F-11D3-BF4B-00C04F79EFBC}") = "Hiper.Products", "Hiper.Products\Hiper.Products.csproj", "{927FECE5-71A0-4C85-BDFD-71A30FA92FEC}"
EndProject
Global
	GlobalSection(SolutionConfigurationPlatforms) = preSolution
		Debug|Any CPU = Debug|Any CPU
		Release|Any CPU = Release|Any CPU
	EndGlobalSection
	GlobalSection(ProjectConfigurationPlatforms) = postSolution
		{927FECE5-71A0-4C85-BDFD-71A30FA92FEC}.Debug|Any CPU.ActiveCfg = Debug|Any CPU
		{927FECE5-71A0-4C85-BDFD-71A30FA92FEC}.Debug|Any CPU.Build.0 = Debug|Any CPU
		{927FECE5-71A0-4C85-BDFD-71A30FA92FEC}.Release|Any CPU.ActiveCfg = Release|Any CPU
		{927FECE5-71A0-4C85-BDFD-71A30FA92FEC}.Release|Any CPU.Build.0 = Release|Any CPU
	EndGlobalSection
	GlobalSection(SolutionProperties) = preSolution
		HideSolutionNode = FALSE
	EndGlobalSection
	GlobalSection(ExtensibilityGlobals) = postSolution
		SolutionGuid = {4EE6C159-EF0A-4353-8258-05AF18E02DB3}
	EndGlobalSection
EndGlobal
